{
  "name": "install-artifact-from-github",
  "version": "1.3.0",
  "lockfileVersion": 2,
  "requires": true,
  "packages": {
    "": {
      "name": "install-artifact-from-github",
      "version": "1.3.0",
      "license": "BSD-3-Clause",
      "bin": {
        "install-from-cache": "bin/install-from-cache.js",
        "save-to-github-cache": "bin/save-to-github-cache.js"
      }
    }
  }
}
